{
  "nodes": {
    "nixpkgs": {
      "locked": {
        "lastModified": 1730741070,
        "narHash": "sha256-edm8WG19kWozJ/GqyYx2VjW99EdhjKwbY3ZwdlPAAlo=",
        "owner": "nixos",
        "repo": "nixpkgs",
        "rev": "d063c1dd113c91ab27959ba540c0d9753409edf3",
        "type": "github"
      },
      "original": {
        "owner": "nixos",
        "ref": "nixos-24.05",
        "repo": "nixpkgs",
        "type": "github"
      }
    },
    "root": {
      "inputs": {
        "nixpkgs": "nixpkgs",
        "vncnt-hugo": "vncnt-hugo"
      }
    },
    "vncnt-hugo": {
      "flake": false,
      "locked": {
        "lastModified": 1713813201,
        "narHash": "sha256-YvOWUJImhkDA3iKOZCDIrq3DaJYOL1KwfRLnqi1Dqbs=",
        "owner": "fncnt",
        "repo": "vncnt-hugo",
        "rev": "fad7815bc6eb12b8dee7677b82b64c41cccc903d",
        "type": "github"
      },
      "original": {
        "owner": "fncnt",
        "repo": "vncnt-hugo",
        "type": "github"
      }
    }
  },
  "root": "root",
  "version": 7
}
